
Microsoft Visual Studio Solution File, Format Version 12.00
# Visual Studio Version 17
VisualStudioVersion = 17.5.33414.496
MinimumVisualStudioVersion = 10.0.40219.1
Project("{FAE04EC0-301F-11D3-BF4B-00C04F79EFBC}") = "DiagramEditor", "DiagramEditor\DiagramEditor.csproj", "{6B73A166-0560-4E1A-8176-A95A2646057F}"
EndProject
Global
	GlobalSection(SolutionConfigurationPlatforms) = preSolution
		Debug|Any CPU = Debug|Any CPU
		Release|Any CPU = Release|Any CPU
	EndGlobalSection
	GlobalSection(ProjectConfigurationPlatforms) = postSolution
		{6B73A166-0560-4E1A-8176-A95A2646057F}.Debug|Any CPU.ActiveCfg = Debug|Any CPU
		{6B73A166-0560-4E1A-8176-A95A2646057F}.Debug|Any CPU.Build.0 = Debug|Any CPU
		{6B73A166-0560-4E1A-8176-A95A2646057F}.Release|Any CPU.ActiveCfg = Release|Any CPU
		{6B73A166-0560-4E1A-8176-A95A2646057F}.Release|Any CPU.Build.0 = Release|Any CPU
	EndGlobalSection
	GlobalSection(SolutionProperties) = preSolution
		HideSolutionNode = FALSE
	EndGlobalSection
	GlobalSection(ExtensibilityGlobals) = postSolution
		SolutionGuid = {F6369F4D-2889-4A91-A12F-6B1AA641823D}
	EndGlobalSection
EndGlobal
